
Microsoft Visual Studio Solution File, Format Version 12.00
# Visual Studio Version 16
VisualStudioVersion = 16.0.31229.75
MinimumVisualStudioVersion = 10.0.40219.1
Project("{FAE04EC0-301F-11D3-BF4B-00C04F79EFBC}") = "MathLib", "MathLib\MathLib.csproj", "{75F43BFD-7531-4283-9B3B-27FFD86FFE7D}"
EndProject
Project("{FAE04EC0-301F-11D3-BF4B-00C04F79EFBC}") = "TestMathematicsLibrary", "TestMathematicsLibrary\TestMathematicsLibrary.csproj", "{BAF01152-C361-43FA-960D-FC1B5C4B2975}"
EndProject
Global
	GlobalSection(SolutionConfigurationPlatforms) = preSolution
		Debug|Any CPU = Debug|Any CPU
		Release|Any CPU = Release|Any CPU
	EndGlobalSection
	GlobalSection(ProjectConfigurationPlatforms) = postSolution
		{75F43BFD-7531-4283-9B3B-27FFD86FFE7D}.Debug|Any CPU.ActiveCfg = Debug|Any CPU
		{75F43BFD-7531-4283-9B3B-27FFD86FFE7D}.Debug|Any CPU.Build.0 = Debug|Any CPU
		{75F43BFD-7531-4283-9B3B-27FFD86FFE7D}.Release|Any CPU.ActiveCfg = Release|Any CPU
		{75F43BFD-7531-4283-9B3B-27FFD86FFE7D}.Release|Any CPU.Build.0 = Release|Any CPU
		{BAF01152-C361-43FA-960D-FC1B5C4B2975}.Debug|Any CPU.ActiveCfg = Debug|Any CPU
		{BAF01152-C361-43FA-960D-FC1B5C4B2975}.Debug|Any CPU.Build.0 = Debug|Any CPU
		{BAF01152-C361-43FA-960D-FC1B5C4B2975}.Release|Any CPU.ActiveCfg = Release|Any CPU
		{BAF01152-C361-43FA-960D-FC1B5C4B2975}.Release|Any CPU.Build.0 = Release|Any CPU
	EndGlobalSection
	GlobalSection(SolutionProperties) = preSolution
		HideSolutionNode = FALSE
	EndGlobalSection
	GlobalSection(ExtensibilityGlobals) = postSolution
		SolutionGuid = {C298EB42-5A7C-4290-BA8C-C7FCE31C9E96}
	EndGlobalSection
EndGlobal
